
Microsoft Visual Studio Solution File, Format Version 12.00
# Visual Studio Version 17
VisualStudioVersion = 17.8.34330.188
MinimumVisualStudioVersion = 10.0.40219.1
Project("{FAE04EC0-301F-11D3-BF4B-00C04F79EFBC}") = "CUrs", "CUrs\CUrs.csproj", "{10C75B57-B0FD-4489-A8CA-D659A21A5AD9}"
EndProject
Global
	GlobalSection(SolutionConfigurationPlatforms) = preSolution
		Debug|Any CPU = Debug|Any CPU
		Release|Any CPU = Release|Any CPU
	EndGlobalSection
	GlobalSection(ProjectConfigurationPlatforms) = postSolution
		{10C75B57-B0FD-4489-A8CA-D659A21A5AD9}.Debug|Any CPU.ActiveCfg = Debug|Any CPU
		{10C75B57-B0FD-4489-A8CA-D659A21A5AD9}.Debug|Any CPU.Build.0 = Debug|Any CPU
		{10C75B57-B0FD-4489-A8CA-D659A21A5AD9}.Release|Any CPU.ActiveCfg = Release|Any CPU
		{10C75B57-B0FD-4489-A8CA-D659A21A5AD9}.Release|Any CPU.Build.0 = Release|Any CPU
	EndGlobalSection
	GlobalSection(SolutionProperties) = preSolution
		HideSolutionNode = FALSE
	EndGlobalSection
	GlobalSection(ExtensibilityGlobals) = postSolution
		SolutionGuid = {7E1CCE88-F4D3-415B-9315-180E9C580909}
	EndGlobalSection
EndGlobal
